
Microsoft Visual Studio Solution File, Format Version 12.00
# Visual Studio 15
VisualStudioVersion = 15.0.27130.2027
MinimumVisualStudioVersion = 10.0.40219.1
Project("{FAE04EC0-301F-11D3-BF4B-00C04F79EFBC}") = "CookieSecurity", "CookieSecurity\CookieSecurity.csproj", "{F86BF024-51D8-4B40-BCA5-65036369FA8A}"
EndProject
Global
	GlobalSection(SolutionConfigurationPlatforms) = preSolution
		Debug|Any CPU = Debug|Any CPU
		Release|Any CPU = Release|Any CPU
	EndGlobalSection
	GlobalSection(ProjectConfigurationPlatforms) = postSolution
		{F86BF024-51D8-4B40-BCA5-65036369FA8A}.Debug|Any CPU.ActiveCfg = Debug|Any CPU
		{F86BF024-51D8-4B40-BCA5-65036369FA8A}.Debug|Any CPU.Build.0 = Debug|Any CPU
		{F86BF024-51D8-4B40-BCA5-65036369FA8A}.Release|Any CPU.ActiveCfg = Release|Any CPU
		{F86BF024-51D8-4B40-BCA5-65036369FA8A}.Release|Any CPU.Build.0 = Release|Any CPU
	EndGlobalSection
	GlobalSection(SolutionProperties) = preSolution
		HideSolutionNode = FALSE
	EndGlobalSection
	GlobalSection(ExtensibilityGlobals) = postSolution
		SolutionGuid = {055BA314-C1FC-4511-AA70-0F3CFA341304}
	EndGlobalSection
EndGlobal
